// !$*UTF8*$!
{
	archiveVersion = 1;
	classes = {
	};
	objectVersion = 46;
	objects = {

/* Begin PBXBuildFile section */
		BB915DF26EFF9866FF0F29AE /* Pods_DMProfileView.framework in Frameworks */ = {isa = PBXBuildFile; fileRef = 5AE615B9ADC4EF35B3EFC5ED /* Pods_DMProfileView.framework */; };
		F66BF0901C86858A00D79F03 /* ActivityTableViewCell.swift in Sources */ = {isa = PBXBuildFile; fileRef = F66BF08F1C86858A00D79F03 /* ActivityTableViewCell.swift */; };
		F66BF0941C86859100D79F03 /* ProfileHeaderView.swift in Sources */ = {isa = PBXBuildFile; fileRef = F66BF0911C86859100D79F03 /* ProfileHeaderView.swift */; };
		F66BF0951C86859100D79F03 /* ProfileTableView.swift in Sources */ = {isa = PBXBuildFile; fileRef = F66BF0921C86859100D79F03 /* ProfileTableView.swift */; };
		F66BF0961C86859100D79F03 /* SegmentedControlView.swift in Sources */ = {isa = PBXBuildFile; fileRef = F66BF0931C86859100D79F03 /* SegmentedControlView.swift */; };
		F6EC20301C7E8DAE00E1ECF8 /* AppDelegate.swift in Sources */ = {isa = PBXBuildFile; fileRef = F6EC202F1C7E8DAE00E1ECF8 /* AppDelegate.swift */; };
		F6EC20371C7E8DAE00E1ECF8 /* Assets.xcassets in Resources */ = {isa = PBXBuildFile; fileRef = F6EC20361C7E8DAE00E1ECF8 /* Assets.xcassets */; };
		F6EC203A1C7E8DAE00E1ECF8 /* LaunchScreen.storyboard in Resources */ = {isa = PBXBuildFile; fileRef = F6EC20381C7E8DAE00E1ECF8 /* LaunchScreen.storyboard */; };
		F6EC205A1C7E90CC00E1ECF8 /* AppTabBarController.swift in Sources */ = {isa = PBXBuildFile; fileRef = F6EC20531C7E90CC00E1ECF8 /* AppTabBarController.swift */; };
		F6EC205E1C7E90CC00E1ECF8 /* ProfileViewController.swift in Sources */ = {isa = PBXBuildFile; fileRef = F6EC20571C7E90CC00E1ECF8 /* ProfileViewController.swift */; };
/* End PBXBuildFile section */

/* Begin PBXFileReference section */
		23B42D4F145594852DE4831F /* Pods-DMProfileView.release.xcconfig */ = {isa = PBXFileReference; includeInIndex = 1; lastKnownFileType = text.xcconfig; name = "Pods-DMProfileView.release.xcconfig"; path = "Pods/Target Support Files/Pods-DMProfileView/Pods-DMProfileView.release.xcconfig"; sourceTree = "<group>"; };
		5AE615B9ADC4EF35B3EFC5ED /* Pods_DMProfileView.framework */ = {isa = PBXFileReference; explicitFileType = wrapper.framework; includeInIndex = 0; path = Pods_DMProfileView.framework; sourceTree = BUILT_PRODUCTS_DIR; };
		C6BCE5DC106880D01514CD1E /* Pods-DMProfileView.debug.xcconfig */ = {isa = PBXFileReference; includeInIndex = 1; lastKnownFileType = text.xcconfig; name = "Pods-DMProfileView.debug.xcconfig"; path = "Pods/Target Support Files/Pods-DMProfileView/Pods-DMProfileView.debug.xcconfig"; sourceTree = "<group>"; };
		F66BF08F1C86858A00D79F03 /* ActivityTableViewCell.swift */ = {isa = PBXFileReference; fileEncoding = 4; lastKnownFileType = sourcecode.swift; path = ActivityTableViewCell.swift; sourceTree = "<group>"; };
		F66BF0911C86859100D79F03 /* ProfileHeaderView.swift */ = {isa = PBXFileReference; fileEncoding = 4; lastKnownFileType = sourcecode.swift; path = ProfileHeaderView.swift; sourceTree = "<group>"; };
		F66BF0921C86859100D79F03 /* ProfileTableView.swift */ = {isa = PBXFileReference; fileEncoding = 4; lastKnownFileType = sourcecode.swift; path = ProfileTableView.swift; sourceTree = "<group>"; };
		F66BF0931C86859100D79F03 /* SegmentedControlView.swift */ = {isa = PBXFileReference; fileEncoding = 4; lastKnownFileType = sourcecode.swift; path = SegmentedControlView.swift; sourceTree = "<group>"; };
		F6EC202C1C7E8DAE00E1ECF8 /* DMProfileView.app */ = {isa = PBXFileReference; explicitFileType = wrapper.application; includeInIndex = 0; path = DMProfileView.app; sourceTree = BUILT_PRODUCTS_DIR; };
		F6EC202F1C7E8DAE00E1ECF8 /* AppDelegate.swift */ = {isa = PBXFileReference; lastKnownFileType = sourcecode.swift; path = AppDelegate.swift; sourceTree = "<group>"; };
		F6EC20361C7E8DAE00E1ECF8 /* Assets.xcassets */ = {isa = PBXFileReference; lastKnownFileType = folder.assetcatalog; path = Assets.xcassets; sourceTree = "<group>"; };
		F6EC20391C7E8DAE00E1ECF8 /* Base */ = {isa = PBXFileReference; lastKnownFileType = file.storyboard; name = Base; path = Base.lproj/LaunchScreen.storyboard; sourceTree = "<group>"; };
		F6EC203B1C7E8DAE00E1ECF8 /* Info.plist */ = {isa = PBXFileReference; lastKnownFileType = text.plist.xml; path = Info.plist; sourceTree = "<group>"; };
		F6EC20531C7E90CC00E1ECF8 /* AppTabBarController.swift */ = {isa = PBXFileReference; fileEncoding = 4; lastKnownFileType = sourcecode.swift; path = AppTabBarController.swift; sourceTree = "<group>"; };
		F6EC20571C7E90CC00E1ECF8 /* ProfileViewController.swift */ = {isa = PBXFileReference; fileEncoding = 4; lastKnownFileType = sourcecode.swift; path = ProfileViewController.swift; sourceTree = "<group>"; };
/* End PBXFileReference section */

/* Begin PBXFrameworksBuildPhase section */
		F6EC20291C7E8DAE00E1ECF8 /* Frameworks */ = {
			isa = PBXFrameworksBuildPhase;
			buildActionMask = 2147483647;
			files = (
				BB915DF26EFF9866FF0F29AE /* Pods_DMProfileView.framework in Frameworks */,
			);
			runOnlyForDeploymentPostprocessing = 0;
		};
/* End PBXFrameworksBuildPhase section */

/* Begin PBXGroup section */
		5C90CCB6BAF52EE2CABE6DB0 /* Frameworks */ = {
			isa = PBXGroup;
			children = (
				5AE615B9ADC4EF35B3EFC5ED /* Pods_DMProfileView.framework */,
			);
			name = Frameworks;
			sourceTree = "<group>";
		};
		CD4520FB2EDC50344CDAD08A /* Pods */ = {
			isa = PBXGroup;
			children = (
				C6BCE5DC106880D01514CD1E /* Pods-DMProfileView.debug.xcconfig */,
				23B42D4F145594852DE4831F /* Pods-DMProfileView.release.xcconfig */,
			);
			name = Pods;
			sourceTree = "<group>";
		};
		F66BF08B1C86855F00D79F03 /* Views */ = {
			isa = PBXGroup;
			children = (
				F66BF08E1C86858100D79F03 /* Activity */,
				F66BF08D1C86857B00D79F03 /* Profile */,
			);
			path = Views;
			sourceTree = "<group>";
		};
		F66BF08D1C86857B00D79F03 /* Profile */ = {
			isa = PBXGroup;
			children = (
				F66BF0911C86859100D79F03 /* ProfileHeaderView.swift */,
				F66BF0921C86859100D79F03 /* ProfileTableView.swift */,
				F66BF0931C86859100D79F03 /* SegmentedControlView.swift */,
			);
			path = Profile;
			sourceTree = "<group>";
		};
		F66BF08E1C86858100D79F03 /* Activity */ = {
			isa = PBXGroup;
			children = (
				F66BF08F1C86858A00D79F03 /* ActivityTableViewCell.swift */,
			);
			path = Activity;
			sourceTree = "<group>";
		};
		F6EC20231C7E8DAE00E1ECF8 = {
			isa = PBXGroup;
			children = (
				F6EC202E1C7E8DAE00E1ECF8 /* DMProfileView */,
				5C90CCB6BAF52EE2CABE6DB0 /* Frameworks */,
				CD4520FB2EDC50344CDAD08A /* Pods */,
				F6EC202D1C7E8DAE00E1ECF8 /* Products */,
			);
			sourceTree = "<group>";
		};
		F6EC202D1C7E8DAE00E1ECF8 /* Products */ = {
			isa = PBXGroup;
			children = (
				F6EC202C1C7E8DAE00E1ECF8 /* DMProfileView.app */,
			);
			name = Products;
			sourceTree = "<group>";
		};
		F6EC202E1C7E8DAE00E1ECF8 /* DMProfileView */ = {
			isa = PBXGroup;
			children = (
				F6EC20421C7E8EF200E1ECF8 /* Controllers */,
				F66BF08B1C86855F00D79F03 /* Views */,
				F6EC202F1C7E8DAE00E1ECF8 /* AppDelegate.swift */,
				F6EC20361C7E8DAE00E1ECF8 /* Assets.xcassets */,
				F6EC203B1C7E8DAE00E1ECF8 /* Info.plist */,
				F6EC20381C7E8DAE00E1ECF8 /* LaunchScreen.storyboard */,
			);
			path = DMProfileView;
			sourceTree = "<group>";
		};
		F6EC20421C7E8EF200E1ECF8 /* Controllers */ = {
			isa = PBXGroup;
			children = (
				F6EC20531C7E90CC00E1ECF8 /* AppTabBarController.swift */,
				F6EC20571C7E90CC00E1ECF8 /* ProfileViewController.swift */,
			);
			path = Controllers;
			sourceTree = "<group>";
		};
/* End PBXGroup section */

/* Begin PBXNativeTarget section */
		F6EC202B1C7E8DAE00E1ECF8 /* DMProfileView */ = {
			isa = PBXNativeTarget;
			buildConfigurationList = F6EC203E1C7E8DAE00E1ECF8 /* Build configuration list for PBXNativeTarget "DMProfileView" */;
			buildPhases = (
				80F4F660AF33C423AB9C3266 /* Check Pods Manifest.lock */,
				F6EC20281C7E8DAE00E1ECF8 /* Sources */,
				F6EC20291C7E8DAE00E1ECF8 /* Frameworks */,
				F6EC202A1C7E8DAE00E1ECF8 /* Resources */,
				925E87D59C7F51458D94CF24 /* Embed Pods Frameworks */,
				3DFDE42CB88D8EAD9EC22B9A /* Copy Pods Resources */,
			);
			buildRules = (
			);
			dependencies = (
			);
			name = DMProfileView;
			productName = DMProfileView;
			productReference = F6EC202C1C7E8DAE00E1ECF8 /* DMProfileView.app */;
			productType = "com.apple.product-type.application";
		};
/* End PBXNativeTarget section */

/* Begin PBXProject section */
		F6EC20241C7E8DAE00E1ECF8 /* Project object */ = {
			isa = PBXProject;
			attributes = {
				LastSwiftUpdateCheck = 0720;
				LastUpgradeCheck = 0720;
				ORGANIZATIONNAME = "Dana Majid";
				TargetAttributes = {
					F6EC202B1C7E8DAE00E1ECF8 = {
						CreatedOnToolsVersion = 7.2.1;
					};
				};
			};
			buildConfigurationList = F6EC20271C7E8DAE00E1ECF8 /* Build configuration list for PBXProject "DMProfileView" */;
			compatibilityVersion = "Xcode 3.2";
			developmentRegion = English;
			hasScannedForEncodings = 0;
			knownRegions = (
				en,
				Base,
			);
			mainGroup = F6EC20231C7E8DAE00E1ECF8;
			productRefGroup = F6EC202D1C7E8DAE00E1ECF8 /* Products */;
			projectDirPath = "";
			projectRoot = "";
			targets = (
				F6EC202B1C7E8DAE00E1ECF8 /* DMProfileView */,
			);
		};
/* End PBXProject section */

/* Begin PBXResourcesBuildPhase section */
		F6EC202A1C7E8DAE00E1ECF8 /* Resources */ = {
			isa = PBXResourcesBuildPhase;
			buildActionMask = 2147483647;
			files = (
				F6EC203A1C7E8DAE00E1ECF8 /* LaunchScreen.storyboard in Resources */,
				F6EC20371C7E8DAE00E1ECF8 /* Assets.xcassets in Resources */,
			);
			runOnlyForDeploymentPostprocessing = 0;
		};
/* End PBXResourcesBuildPhase section */

/* Begin PBXShellScriptBuildPhase section */
		3DFDE42CB88D8EAD9EC22B9A /* Copy Pods Resources */ = {
			isa = PBXShellScriptBuildPhase;
			buildActionMask = 2147483647;
			files = (
			);
			inputPaths = (
			);
			name = "Copy Pods Resources";
			outputPaths = (
			);
			runOnlyForDeploymentPostprocessing = 0;
			shellPath = /bin/sh;
			shellScript = "\"${SRCROOT}/Pods/Target Support Files/Pods-DMProfileView/Pods-DMProfileView-resources.sh\"\n";
			showEnvVarsInLog = 0;
		};
		80F4F660AF33C423AB9C3266 /* Check Pods Manifest.lock */ = {
			isa = PBXShellScriptBuildPhase;
			buildActionMask = 2147483647;
			files = (
			);
			inputPaths = (
			);
			name = "Check Pods Manifest.lock";
			outputPaths = (
			);
			runOnlyForDeploymentPostprocessing = 0;
			shellPath = /bin/sh;
			shellScript = "diff \"${PODS_ROOT}/../Podfile.lock\" \"${PODS_ROOT}/Manifest.lock\" > /dev/null\nif [[ $? != 0 ]] ; then\n    cat << EOM\nerror: The sandbox is not in sync with the Podfile.lock. Run 'pod install' or update your CocoaPods installation.\nEOM\n    exit 1\nfi\n";
			showEnvVarsInLog = 0;
		};
		925E87D59C7F51458D94CF24 /* Embed Pods Frameworks */ = {
			isa = PBXShellScriptBuildPhase;
			buildActionMask = 2147483647;
			files = (
			);
			inputPaths = (
			);
			name = "Embed Pods Frameworks";
			outputPaths = (
			);
			runOnlyForDeploymentPostprocessing = 0;
			shellPath = /bin/sh;
			shellScript = "\"${SRCROOT}/Pods/Target Support Files/Pods-DMProfileView/Pods-DMProfileView-frameworks.sh\"\n";
			showEnvVarsInLog = 0;
		};
/* End PBXShellScriptBuildPhase section */

/* Begin PBXSourcesBuildPhase section */
		F6EC20281C7E8DAE00E1ECF8 /* Sources */ = {
			isa = PBXSourcesBuildPhase;
			buildActionMask = 2147483647;
			files = (
				F66BF0961C86859100D79F03 /* SegmentedControlView.swift in Sources */,
				F6EC20301C7E8DAE00E1ECF8 /* AppDelegate.swift in Sources */,
				F66BF0951C86859100D79F03 /* ProfileTableView.swift in Sources */,
				F6EC205E1C7E90CC00E1ECF8 /* ProfileViewController.swift in Sources */,
				F66BF0941C86859100D79F03 /* ProfileHeaderView.swift in Sources */,
				F66BF0901C86858A00D79F03 /* ActivityTableViewCell.swift in Sources */,
				F6EC205A1C7E90CC00E1ECF8 /* AppTabBarController.swift in Sources */,
			);
			runOnlyForDeploymentPostprocessing = 0;
		};
/* End PBXSourcesBuildPhase section */

/* Begin PBXVariantGroup section */
		F6EC20381C7E8DAE00E1ECF8 /* LaunchScreen.storyboard */ = {
			isa = PBXVariantGroup;
			children = (
				F6EC20391C7E8DAE00E1ECF8 /* Base */,
			);
			name = LaunchScreen.storyboard;
			path = .;
			sourceTree = "<group>";
		};
/* End PBXVariantGroup section */

/* Begin XCBuildConfiguration section */
		F6EC203C1C7E8DAE00E1ECF8 /* Debug */ = {
			isa = XCBuildConfiguration;
			buildSettings = {
				ALWAYS_SEARCH_USER_PATHS = NO;
				CLANG_CXX_LANGUAGE_STANDARD = "gnu++0x";
				CLANG_CXX_LIBRARY = "libc++";
				CLANG_ENABLE_MODULES = YES;
				CLANG_ENABLE_OBJC_ARC = YES;
				CLANG_WARN_BOOL_CONVERSION = YES;
				CLANG_WARN_CONSTANT_CONVERSION = YES;
				CLANG_WARN_DIRECT_OBJC_ISA_USAGE = YES_ERROR;
				CLANG_WARN_EMPTY_BODY = YES;
				CLANG_WARN_ENUM_CONVERSION = YES;
				CLANG_WARN_INT_CONVERSION = YES;
				CLANG_WARN_OBJC_ROOT_CLASS = YES_ERROR;
				CLANG_WARN_UNREACHABLE_CODE = YES;
				CLANG_WARN__DUPLICATE_METHOD_MATCH = YES;
				"CODE_SIGN_IDENTITY[sdk=iphoneos*]" = "iPhone Developer";
				COPY_PHASE_STRIP = NO;
				DEBUG_INFORMATION_FORMAT = dwarf;
				ENABLE_STRICT_OBJC_MSGSEND = YES;
				ENABLE_TESTABILITY = YES;
				GCC_C_LANGUAGE_STANDARD = gnu99;
				GCC_DYNAMIC_NO_PIC = NO;
				GCC_NO_COMMON_BLOCKS = YES;
				GCC_OPTIMIZATION_LEVEL = 0;
				GCC_PREPROCESSOR_DEFINITIONS = (
					"DEBUG=1",
					"$(inherited)",
				);
				GCC_WARN_64_TO_32_BIT_CONVERSION = YES;
				GCC_WARN_ABOUT_RETURN_TYPE = YES_ERROR;
				GCC_WARN_UNDECLARED_SELECTOR = YES;
				GCC_WARN_UNINITIALIZED_AUTOS = YES_AGGRESSIVE;
				GCC_WARN_UNUSED_FUNCTION = YES;
				GCC_WARN_UNUSED_VARIABLE = YES;
				IPHONEOS_DEPLOYMENT_TARGET = 9.2;
				MTL_ENABLE_DEBUG_INFO = YES;
				ONLY_ACTIVE_ARCH = YES;
				SDKROOT = iphoneos;
				SWIFT_OPTIMIZATION_LEVEL = "-Onone";
				TARGETED_DEVICE_FAMILY = "1,2";
			};
			name = Debug;
		};
		F6EC203D1C7E8DAE00E1ECF8 /* Release */ = {
			isa = XCBuildConfiguration;
			buildSettings = {
				ALWAYS_SEARCH_USER_PATHS = NO;
				CLANG_CXX_LANGUAGE_STANDARD = "gnu++0x";
				CLANG_CXX_LIBRARY = "libc++";
				CLANG_ENABLE_MODULES = YES;
				CLANG_ENABLE_OBJC_ARC = YES;
				CLANG_WARN_BOOL_CONVERSION = YES;
				CLANG_WARN_CONSTANT_CONVERSION = YES;
				CLANG_WARN_DIRECT_OBJC_ISA_USAGE = YES_ERROR;
				CLANG_WARN_EMPTY_BODY = YES;
				CLANG_WARN_ENUM_CONVERSION = YES;
				CLANG_WARN_INT_CONVERSION = YES;
				CLANG_WARN_OBJC_ROOT_CLASS = YES_ERROR;
				CLANG_WARN_UNREACHABLE_CODE = YES;
				CLANG_WARN__DUPLICATE_METHOD_MATCH = YES;
				"CODE_SIGN_IDENTITY[sdk=iphoneos*]" = "iPhone Developer";
				COPY_PHASE_STRIP = NO;
				DEBUG_INFORMATION_FORMAT = "dwarf-with-dsym";
				ENABLE_NS_ASSERTIONS = NO;
				ENABLE_STRICT_OBJC_MSGSEND = YES;
				GCC_C_LANGUAGE_STANDARD = gnu99;
				GCC_NO_COMMON_BLOCKS = YES;
				GCC_WARN_64_TO_32_BIT_CONVERSION = YES;
				GCC_WARN_ABOUT_RETURN_TYPE = YES_ERROR;
				GCC_WARN_UNDECLARED_SELECTOR = YES;
				GCC_WARN_UNINITIALIZED_AUTOS = YES_AGGRESSIVE;
				GCC_WARN_UNUSED_FUNCTION = YES;
				GCC_WARN_UNUSED_VARIABLE = YES;
				IPHONEOS_DEPLOYMENT_TARGET = 9.2;
				MTL_ENABLE_DEBUG_INFO = NO;
				SDKROOT = iphoneos;
				TARGETED_DEVICE_FAMILY = "1,2";
				VALIDATE_PRODUCT = YES;
			};
			name = Release;
		};
		F6EC203F1C7E8DAE00E1ECF8 /* Debug */ = {
			isa = XCBuildConfiguration;
			baseConfigurationReference = C6BCE5DC106880D01514CD1E /* Pods-DMProfileView.debug.xcconfig */;
			buildSettings = {
				ASSETCATALOG_COMPILER_APPICON_NAME = AppIcon;
				INFOPLIST_FILE = DMProfileView/Info.plist;
				LD_RUNPATH_SEARCH_PATHS = "$(inherited) @executable_path/Frameworks";
				PRODUCT_BUNDLE_IDENTIFIER = com.danamajid.DMProfileView;
				PRODUCT_NAME = "$(TARGET_NAME)";
			};
			name = Debug;
		};
		F6EC20401C7E8DAE00E1ECF8 /* Release */ = {
			isa = XCBuildConfiguration;
			baseConfigurationReference = 23B42D4F145594852DE4831F /* Pods-DMProfileView.release.xcconfig */;
			buildSettings = {
				ASSETCATALOG_COMPILER_APPICON_NAME = AppIcon;
				INFOPLIST_FILE = DMProfileView/Info.plist;
				LD_RUNPATH_SEARCH_PATHS = "$(inherited) @executable_path/Frameworks";
				PRODUCT_BUNDLE_IDENTIFIER = com.danamajid.DMProfileView;
				PRODUCT_NAME = "$(TARGET_NAME)";
			};
			name = Release;
		};
/* End XCBuildConfiguration section */

/* Begin XCConfigurationList section */
		F6EC20271C7E8DAE00E1ECF8 /* Build configuration list for PBXProject "DMProfileView" */ = {
			isa = XCConfigurationList;
			buildConfigurations = (
				F6EC203C1C7E8DAE00E1ECF8 /* Debug */,
				F6EC203D1C7E8DAE00E1ECF8 /* Release */,
			);
			defaultConfigurationIsVisible = 0;
			defaultConfigurationName = Release;
		};
		F6EC203E1C7E8DAE00E1ECF8 /* Build configuration list for PBXNativeTarget "DMProfileView" */ = {
			isa = XCConfigurationList;
			buildConfigurations = (
				F6EC203F1C7E8DAE00E1ECF8 /* Debug */,
				F6EC20401C7E8DAE00E1ECF8 /* Release */,
			);
			defaultConfigurationIsVisible = 0;
			defaultConfigurationName = Release;
		};
/* End XCConfigurationList section */
	};
	rootObject = F6EC20241C7E8DAE00E1ECF8 /* Project object */;
}
